// !$*UTF8*$!
{
	archiveVersion = 1;
	classes = {
	};
	objectVersion = 46;
	objects = {

/* Begin PBXBuildFile section */
		D9A1E5D01CB5806C00AE95B4 /* AppDelegate.swift in Sources */ = {isa = PBXBuildFile; fileRef = D9A1E5CF1CB5806C00AE95B4 /* AppDelegate.swift */; };
		D9A1E5D21CB5806C00AE95B4 /* ViewController.swift in Sources */ = {isa = PBXBuildFile; fileRef = D9A1E5D11CB5806C00AE95B4 /* ViewController.swift */; };
		D9A1E5D51CB5806C00AE95B4 /* Main.storyboard in Resources */ = {isa = PBXBuildFile; fileRef = D9A1E5D31CB5806C00AE95B4 /* Main.storyboard */; };
		D9A1E5D71CB5806C00AE95B4 /* Assets.xcassets in Resources */ = {isa = PBXBuildFile; fileRef = D9A1E5D61CB5806C00AE95B4 /* Assets.xcassets */; };
		D9A1E5DA1CB5806C00AE95B4 /* LaunchScreen.storyboard in Resources */ = {isa = PBXBuildFile; fileRef = D9A1E5D81CB5806C00AE95B4 /* LaunchScreen.storyboard */; };
/* End PBXBuildFile section */

/* Begin PBXFileReference section */
		D9A1E5CC1CB5806C00AE95B4 /* auto-layout-constraints.app */ = {isa = PBXFileReference; explicitFileType = wrapper.application; includeInIndex = 0; path = "auto-layout-constraints.app"; sourceTree = BUILT_PRODUCTS_DIR; };
		D9A1E5CF1CB5806C00AE95B4 /* AppDelegate.swift */ = {isa = PBXFileReference; lastKnownFileType = sourcecode.swift; path = AppDelegate.swift; sourceTree = "<group>"; };
		D9A1E5D11CB5806C00AE95B4 /* ViewController.swift */ = {isa = PBXFileReference; lastKnownFileType = sourcecode.swift; path = ViewController.swift; sourceTree = "<group>"; };
		D9A1E5D41CB5806C00AE95B4 /* Base */ = {isa = PBXFileReference; lastKnownFileType = file.storyboard; name = Base; path = Base.lproj/Main.storyboard; sourceTree = "<group>"; };
		D9A1E5D61CB5806C00AE95B4 /* Assets.xcassets */ = {isa = PBXFileReference; lastKnownFileType = folder.assetcatalog; path = Assets.xcassets; sourceTree = "<group>"; };
		D9A1E5D91CB5806C00AE95B4 /* Base */ = {isa = PBXFileReference; lastKnownFileType = file.storyboard; name = Base; path = Base.lproj/LaunchScreen.storyboard; sourceTree = "<group>"; };
		D9A1E5DB1CB5806C00AE95B4 /* Info.plist */ = {isa = PBXFileReference; lastKnownFileType = text.plist.xml; path = Info.plist; sourceTree = "<group>"; };
/* End PBXFileReference section */

/* Begin PBXFrameworksBuildPhase section */
		D9A1E5C91CB5806C00AE95B4 /* Frameworks */ = {
			isa = PBXFrameworksBuildPhase;
			buildActionMask = 2147483647;
			files = (
			);
			runOnlyForDeploymentPostprocessing = 0;
		};
/* End PBXFrameworksBuildPhase section */

/* Begin PBXGroup section */
		D9A1E5C31CB5806C00AE95B4 = {
			isa = PBXGroup;
			children = (
				D9A1E5CE1CB5806C00AE95B4 /* auto-layout-constraints */,
				D9A1E5CD1CB5806C00AE95B4 /* Products */,
			);
			sourceTree = "<group>";
		};
		D9A1E5CD1CB5806C00AE95B4 /* Products */ = {
			isa = PBXGroup;
			children = (
				D9A1E5CC1CB5806C00AE95B4 /* auto-layout-constraints.app */,
			);
			name = Products;
			sourceTree = "<group>";
		};
		D9A1E5CE1CB5806C00AE95B4 /* auto-layout-constraints */ = {
			isa = PBXGroup;
			children = (
				D9A1E5CF1CB5806C00AE95B4 /* AppDelegate.swift */,
				D9A1E5D11CB5806C00AE95B4 /* ViewController.swift */,
				D9A1E5D31CB5806C00AE95B4 /* Main.storyboard */,
				D9A1E5D61CB5806C00AE95B4 /* Assets.xcassets */,
				D9A1E5D81CB5806C00AE95B4 /* LaunchScreen.storyboard */,
				D9A1E5DB1CB5806C00AE95B4 /* Info.plist */,
			);
			path = "auto-layout-constraints";
			sourceTree = "<group>";
		};
/* End PBXGroup section */

/* Begin PBXNativeTarget section */
		D9A1E5CB1CB5806C00AE95B4 /* auto-layout-constraints */ = {
			isa = PBXNativeTarget;
			buildConfigurationList = D9A1E5DE1CB5806C00AE95B4 /* Build configuration list for PBXNativeTarget "auto-layout-constraints" */;
			buildPhases = (
				D9A1E5C81CB5806C00AE95B4 /* Sources */,
				D9A1E5C91CB5806C00AE95B4 /* Frameworks */,
				D9A1E5CA1CB5806C00AE95B4 /* Resources */,
			);
			buildRules = (
			);
			dependencies = (
			);
			name = "auto-layout-constraints";
			productName = "auto-layout-constraints";
			productReference = D9A1E5CC1CB5806C00AE95B4 /* auto-layout-constraints.app */;
			productType = "com.apple.product-type.application";
		};
/* End PBXNativeTarget section */

/* Begin PBXProject section */
		D9A1E5C41CB5806C00AE95B4 /* Project object */ = {
			isa = PBXProject;
			attributes = {
				LastSwiftUpdateCheck = 0730;
				LastUpgradeCheck = 0730;
				ORGANIZATIONNAME = "Austin McKinley";
				TargetAttributes = {
					D9A1E5CB1CB5806C00AE95B4 = {
						CreatedOnToolsVersion = 7.3;
					};
				};
			};
			buildConfigurationList = D9A1E5C71CB5806C00AE95B4 /* Build configuration list for PBXProject "auto-layout-constraints" */;
			compatibilityVersion = "Xcode 3.2";
			developmentRegion = English;
			hasScannedForEncodings = 0;
			knownRegions = (
				en,
				Base,
			);
			mainGroup = D9A1E5C31CB5806C00AE95B4;
			productRefGroup = D9A1E5CD1CB5806C00AE95B4 /* Products */;
			projectDirPath = "";
			projectRoot = "";
			targets = (
				D9A1E5CB1CB5806C00AE95B4 /* auto-layout-constraints */,
			);
		};
/* End PBXProject section */

/* Begin PBXResourcesBuildPhase section */
		D9A1E5CA1CB5806C00AE95B4 /* Resources */ = {
			isa = PBXResourcesBuildPhase;
			buildActionMask = 2147483647;
			files = (
				D9A1E5DA1CB5806C00AE95B4 /* LaunchScreen.storyboard in Resources */,
				D9A1E5D71CB5806C00AE95B4 /* Assets.xcassets in Resources */,
				D9A1E5D51CB5806C00AE95B4 /* Main.storyboard in Resources */,
			);
			runOnlyForDeploymentPostprocessing = 0;
		};
/* End PBXResourcesBuildPhase section */

/* Begin PBXSourcesBuildPhase section */
		D9A1E5C81CB5806C00AE95B4 /* Sources */ = {
			isa = PBXSourcesBuildPhase;
			buildActionMask = 2147483647;
			files = (
				D9A1E5D21CB5806C00AE95B4 /* ViewController.swift in Sources */,
				D9A1E5D01CB5806C00AE95B4 /* AppDelegate.swift in Sources */,
			);
			runOnlyForDeploymentPostprocessing = 0;
		};
/* End PBXSourcesBuildPhase section */

/* Begin PBXVariantGroup section */
		D9A1E5D31CB5806C00AE95B4 /* Main.storyboard */ = {
			isa = PBXVariantGroup;
			children = (
				D9A1E5D41CB5806C00AE95B4 /* Base */,
			);
			name = Main.storyboard;
			sourceTree = "<group>";
		};
		D9A1E5D81CB5806C00AE95B4 /* LaunchScreen.storyboard */ = {
			isa = PBXVariantGroup;
			children = (
				D9A1E5D91CB5806C00AE95B4 /* Base */,
			);
			name = LaunchScreen.storyboard;
			sourceTree = "<group>";
		};
/* End PBXVariantGroup section */

/* Begin XCBuildConfiguration section */
		D9A1E5DC1CB5806C00AE95B4 /* Debug */ = {
			isa = XCBuildConfiguration;
			buildSettings = {
				ALWAYS_SEARCH_USER_PATHS = NO;
				CLANG_ANALYZER_NONNULL = YES;
				CLANG_CXX_LANGUAGE_STANDARD = "gnu++0x";
				CLANG_CXX_LIBRARY = "libc++";
				CLANG_ENABLE_MODULES = YES;
				CLANG_ENABLE_OBJC_ARC = YES;
				CLANG_WARN_BOOL_CONVERSION = YES;
				CLANG_WARN_CONSTANT_CONVERSION = YES;
				CLANG_WARN_DIRECT_OBJC_ISA_USAGE = YES_ERROR;
				CLANG_WARN_EMPTY_BODY = YES;
				CLANG_WARN_ENUM_CONVERSION = YES;
				CLANG_WARN_INT_CONVERSION = YES;
				CLANG_WARN_OBJC_ROOT_CLASS = YES_ERROR;
				CLANG_WARN_UNREACHABLE_CODE = YES;
				CLANG_WARN__DUPLICATE_METHOD_MATCH = YES;
				"CODE_SIGN_IDENTITY[sdk=iphoneos*]" = "iPhone Developer";
				COPY_PHASE_STRIP = NO;
				DEBUG_INFORMATION_FORMAT = dwarf;
				ENABLE_STRICT_OBJC_MSGSEND = YES;
				ENABLE_TESTABILITY = YES;
				GCC_C_LANGUAGE_STANDARD = gnu99;
				GCC_DYNAMIC_NO_PIC = NO;
				GCC_NO_COMMON_BLOCKS = YES;
				GCC_OPTIMIZATION_LEVEL = 0;
				GCC_PREPROCESSOR_DEFINITIONS = (
					"DEBUG=1",
					"$(inherited)",
				);
				GCC_WARN_64_TO_32_BIT_CONVERSION = YES;
				GCC_WARN_ABOUT_RETURN_TYPE = YES_ERROR;
				GCC_WARN_UNDECLARED_SELECTOR = YES;
				GCC_WARN_UNINITIALIZED_AUTOS = YES_AGGRESSIVE;
				GCC_WARN_UNUSED_FUNCTION = YES;
				GCC_WARN_UNUSED_VARIABLE = YES;
				IPHONEOS_DEPLOYMENT_TARGET = 9.3;
				MTL_ENABLE_DEBUG_INFO = YES;
				ONLY_ACTIVE_ARCH = YES;
				SDKROOT = iphoneos;
				SWIFT_OPTIMIZATION_LEVEL = "-Onone";
			};
			name = Debug;
		};
		D9A1E5DD1CB5806C00AE95B4 /* Release */ = {
			isa = XCBuildConfiguration;
			buildSettings = {
				ALWAYS_SEARCH_USER_PATHS = NO;
				CLANG_ANALYZER_NONNULL = YES;
				CLANG_CXX_LANGUAGE_STANDARD = "gnu++0x";
				CLANG_CXX_LIBRARY = "libc++";
				CLANG_ENABLE_MODULES = YES;
				CLANG_ENABLE_OBJC_ARC = YES;
				CLANG_WARN_BOOL_CONVERSION = YES;
				CLANG_WARN_CONSTANT_CONVERSION = YES;
				CLANG_WARN_DIRECT_OBJC_ISA_USAGE = YES_ERROR;
				CLANG_WARN_EMPTY_BODY = YES;
				CLANG_WARN_ENUM_CONVERSION = YES;
				CLANG_WARN_INT_CONVERSION = YES;
				CLANG_WARN_OBJC_ROOT_CLASS = YES_ERROR;
				CLANG_WARN_UNREACHABLE_CODE = YES;
				CLANG_WARN__DUPLICATE_METHOD_MATCH = YES;
				"CODE_SIGN_IDENTITY[sdk=iphoneos*]" = "iPhone Developer";
				COPY_PHASE_STRIP = NO;
				DEBUG_INFORMATION_FORMAT = "dwarf-with-dsym";
				ENABLE_NS_ASSERTIONS = NO;
				ENABLE_STRICT_OBJC_MSGSEND = YES;
				GCC_C_LANGUAGE_STANDARD = gnu99;
				GCC_NO_COMMON_BLOCKS = YES;
				GCC_WARN_64_TO_32_BIT_CONVERSION = YES;
				GCC_WARN_ABOUT_RETURN_TYPE = YES_ERROR;
				GCC_WARN_UNDECLARED_SELECTOR = YES;
				GCC_WARN_UNINITIALIZED_AUTOS = YES_AGGRESSIVE;
				GCC_WARN_UNUSED_FUNCTION = YES;
				GCC_WARN_UNUSED_VARIABLE = YES;
				IPHONEOS_DEPLOYMENT_TARGET = 9.3;
				MTL_ENABLE_DEBUG_INFO = NO;
				SDKROOT = iphoneos;
				VALIDATE_PRODUCT = YES;
			};
			name = Release;
		};
		D9A1E5DF1CB5806C00AE95B4 /* Debug */ = {
			isa = XCBuildConfiguration;
			buildSettings = {
				ASSETCATALOG_COMPILER_APPICON_NAME = AppIcon;
				CODE_SIGN_IDENTITY = "iPhone Developer";
				INFOPLIST_FILE = "auto-layout-constraints/Info.plist";
				LD_RUNPATH_SEARCH_PATHS = "$(inherited) @executable_path/Frameworks";
				PRODUCT_BUNDLE_IDENTIFIER = "austinmckinley.auto-layout-constraints";
				PRODUCT_NAME = "$(TARGET_NAME)";
			};
			name = Debug;
		};
		D9A1E5E01CB5806C00AE95B4 /* Release */ = {
			isa = XCBuildConfiguration;
			buildSettings = {
				ASSETCATALOG_COMPILER_APPICON_NAME = AppIcon;
				CODE_SIGN_IDENTITY = "iPhone Developer";
				INFOPLIST_FILE = "auto-layout-constraints/Info.plist";
				LD_RUNPATH_SEARCH_PATHS = "$(inherited) @executable_path/Frameworks";
				PRODUCT_BUNDLE_IDENTIFIER = "austinmckinley.auto-layout-constraints";
				PRODUCT_NAME = "$(TARGET_NAME)";
			};
			name = Release;
		};
/* End XCBuildConfiguration section */

/* Begin XCConfigurationList section */
		D9A1E5C71CB5806C00AE95B4 /* Build configuration list for PBXProject "auto-layout-constraints" */ = {
			isa = XCConfigurationList;
			buildConfigurations = (
				D9A1E5DC1CB5806C00AE95B4 /* Debug */,
				D9A1E5DD1CB5806C00AE95B4 /* Release */,
			);
			defaultConfigurationIsVisible = 0;
			defaultConfigurationName = Release;
		};
		D9A1E5DE1CB5806C00AE95B4 /* Build configuration list for PBXNativeTarget "auto-layout-constraints" */ = {
			isa = XCConfigurationList;
			buildConfigurations = (
				D9A1E5DF1CB5806C00AE95B4 /* Debug */,
				D9A1E5E01CB5806C00AE95B4 /* Release */,
			);
			defaultConfigurationIsVisible = 0;
		};
/* End XCConfigurationList section */
	};
	rootObject = D9A1E5C41CB5806C00AE95B4 /* Project object */;
}
