// !$*UTF8*$!
{
	archiveVersion = 1;
	classes = {
	};
	objectVersion = 48;
	objects = {

/* Begin PBXBuildFile section */
		D9067FF21FA4F73B00969A42 /* AppDelegate.swift in Sources */ = {isa = PBXBuildFile; fileRef = D9067FF11FA4F73B00969A42 /* AppDelegate.swift */; };
		D9067FF71FA4F73B00969A42 /* Main.storyboard in Resources */ = {isa = PBXBuildFile; fileRef = D9067FF51FA4F73B00969A42 /* Main.storyboard */; };
		D9067FF91FA4F73B00969A42 /* Assets.xcassets in Resources */ = {isa = PBXBuildFile; fileRef = D9067FF81FA4F73B00969A42 /* Assets.xcassets */; };
		D9067FFC1FA4F73B00969A42 /* LaunchScreen.storyboard in Resources */ = {isa = PBXBuildFile; fileRef = D9067FFA1FA4F73B00969A42 /* LaunchScreen.storyboard */; };
		D90680041FA4F94200969A42 /* FlickrPhotosViewController.swift in Sources */ = {isa = PBXBuildFile; fileRef = D90680031FA4F94200969A42 /* FlickrPhotosViewController.swift */; };
		D90680081FA4FB2500969A42 /* FlickrSearchResults.swift in Sources */ = {isa = PBXBuildFile; fileRef = D90680051FA4FB2500969A42 /* FlickrSearchResults.swift */; };
		D90680091FA4FB2500969A42 /* FlickrPhoto.swift in Sources */ = {isa = PBXBuildFile; fileRef = D90680061FA4FB2500969A42 /* FlickrPhoto.swift */; };
		D906800A1FA4FB2500969A42 /* Flickr.swift in Sources */ = {isa = PBXBuildFile; fileRef = D90680071FA4FB2500969A42 /* Flickr.swift */; };
		D906800C1FA501A100969A42 /* FlickrPhotoCell.swift in Sources */ = {isa = PBXBuildFile; fileRef = D906800B1FA501A100969A42 /* FlickrPhotoCell.swift */; };
/* End PBXBuildFile section */

/* Begin PBXFileReference section */
		D9067FEE1FA4F73B00969A42 /* FlikrSearch.app */ = {isa = PBXFileReference; explicitFileType = wrapper.application; includeInIndex = 0; path = FlikrSearch.app; sourceTree = BUILT_PRODUCTS_DIR; };
		D9067FF11FA4F73B00969A42 /* AppDelegate.swift */ = {isa = PBXFileReference; lastKnownFileType = sourcecode.swift; path = AppDelegate.swift; sourceTree = "<group>"; };
		D9067FF61FA4F73B00969A42 /* Base */ = {isa = PBXFileReference; lastKnownFileType = file.storyboard; name = Base; path = Base.lproj/Main.storyboard; sourceTree = "<group>"; };
		D9067FF81FA4F73B00969A42 /* Assets.xcassets */ = {isa = PBXFileReference; lastKnownFileType = folder.assetcatalog; path = Assets.xcassets; sourceTree = "<group>"; };
		D9067FFB1FA4F73B00969A42 /* Base */ = {isa = PBXFileReference; lastKnownFileType = file.storyboard; name = Base; path = Base.lproj/LaunchScreen.storyboard; sourceTree = "<group>"; };
		D9067FFD1FA4F73B00969A42 /* Info.plist */ = {isa = PBXFileReference; lastKnownFileType = text.plist.xml; path = Info.plist; sourceTree = "<group>"; };
		D90680031FA4F94200969A42 /* FlickrPhotosViewController.swift */ = {isa = PBXFileReference; lastKnownFileType = sourcecode.swift; path = FlickrPhotosViewController.swift; sourceTree = "<group>"; };
		D90680051FA4FB2500969A42 /* FlickrSearchResults.swift */ = {isa = PBXFileReference; fileEncoding = 4; lastKnownFileType = sourcecode.swift; path = FlickrSearchResults.swift; sourceTree = "<group>"; };
		D90680061FA4FB2500969A42 /* FlickrPhoto.swift */ = {isa = PBXFileReference; fileEncoding = 4; lastKnownFileType = sourcecode.swift; path = FlickrPhoto.swift; sourceTree = "<group>"; };
		D90680071FA4FB2500969A42 /* Flickr.swift */ = {isa = PBXFileReference; fileEncoding = 4; lastKnownFileType = sourcecode.swift; path = Flickr.swift; sourceTree = "<group>"; };
		D906800B1FA501A100969A42 /* FlickrPhotoCell.swift */ = {isa = PBXFileReference; lastKnownFileType = sourcecode.swift; path = FlickrPhotoCell.swift; sourceTree = "<group>"; };
/* End PBXFileReference section */

/* Begin PBXFrameworksBuildPhase section */
		D9067FEB1FA4F73B00969A42 /* Frameworks */ = {
			isa = PBXFrameworksBuildPhase;
			buildActionMask = 2147483647;
			files = (
			);
			runOnlyForDeploymentPostprocessing = 0;
		};
/* End PBXFrameworksBuildPhase section */

/* Begin PBXGroup section */
		D9067FE51FA4F73B00969A42 = {
			isa = PBXGroup;
			children = (
				D9067FF01FA4F73B00969A42 /* FlikrSearch */,
				D9067FEF1FA4F73B00969A42 /* Products */,
			);
			sourceTree = "<group>";
		};
		D9067FEF1FA4F73B00969A42 /* Products */ = {
			isa = PBXGroup;
			children = (
				D9067FEE1FA4F73B00969A42 /* FlikrSearch.app */,
			);
			name = Products;
			sourceTree = "<group>";
		};
		D9067FF01FA4F73B00969A42 /* FlikrSearch */ = {
			isa = PBXGroup;
			children = (
				D90680071FA4FB2500969A42 /* Flickr.swift */,
				D90680061FA4FB2500969A42 /* FlickrPhoto.swift */,
				D90680051FA4FB2500969A42 /* FlickrSearchResults.swift */,
				D9067FF11FA4F73B00969A42 /* AppDelegate.swift */,
				D9067FF51FA4F73B00969A42 /* Main.storyboard */,
				D906800B1FA501A100969A42 /* FlickrPhotoCell.swift */,
				D90680031FA4F94200969A42 /* FlickrPhotosViewController.swift */,
				D9067FF81FA4F73B00969A42 /* Assets.xcassets */,
				D9067FFA1FA4F73B00969A42 /* LaunchScreen.storyboard */,
				D9067FFD1FA4F73B00969A42 /* Info.plist */,
			);
			path = FlikrSearch;
			sourceTree = "<group>";
		};
/* End PBXGroup section */

/* Begin PBXNativeTarget section */
		D9067FED1FA4F73B00969A42 /* FlikrSearch */ = {
			isa = PBXNativeTarget;
			buildConfigurationList = D90680001FA4F73B00969A42 /* Build configuration list for PBXNativeTarget "FlikrSearch" */;
			buildPhases = (
				D9067FEA1FA4F73B00969A42 /* Sources */,
				D9067FEB1FA4F73B00969A42 /* Frameworks */,
				D9067FEC1FA4F73B00969A42 /* Resources */,
			);
			buildRules = (
			);
			dependencies = (
			);
			name = FlikrSearch;
			productName = FlikrSearch;
			productReference = D9067FEE1FA4F73B00969A42 /* FlikrSearch.app */;
			productType = "com.apple.product-type.application";
		};
/* End PBXNativeTarget section */

/* Begin PBXProject section */
		D9067FE61FA4F73B00969A42 /* Project object */ = {
			isa = PBXProject;
			attributes = {
				LastSwiftUpdateCheck = 0900;
				LastUpgradeCheck = 0900;
				ORGANIZATIONNAME = "Austin McKinley";
				TargetAttributes = {
					D9067FED1FA4F73B00969A42 = {
						CreatedOnToolsVersion = 9.0.1;
						ProvisioningStyle = Automatic;
					};
				};
			};
			buildConfigurationList = D9067FE91FA4F73B00969A42 /* Build configuration list for PBXProject "FlikrSearch" */;
			compatibilityVersion = "Xcode 8.0";
			developmentRegion = en;
			hasScannedForEncodings = 0;
			knownRegions = (
				en,
				Base,
			);
			mainGroup = D9067FE51FA4F73B00969A42;
			productRefGroup = D9067FEF1FA4F73B00969A42 /* Products */;
			projectDirPath = "";
			projectRoot = "";
			targets = (
				D9067FED1FA4F73B00969A42 /* FlikrSearch */,
			);
		};
/* End PBXProject section */

/* Begin PBXResourcesBuildPhase section */
		D9067FEC1FA4F73B00969A42 /* Resources */ = {
			isa = PBXResourcesBuildPhase;
			buildActionMask = 2147483647;
			files = (
				D9067FFC1FA4F73B00969A42 /* LaunchScreen.storyboard in Resources */,
				D9067FF91FA4F73B00969A42 /* Assets.xcassets in Resources */,
				D9067FF71FA4F73B00969A42 /* Main.storyboard in Resources */,
			);
			runOnlyForDeploymentPostprocessing = 0;
		};
/* End PBXResourcesBuildPhase section */

/* Begin PBXSourcesBuildPhase section */
		D9067FEA1FA4F73B00969A42 /* Sources */ = {
			isa = PBXSourcesBuildPhase;
			buildActionMask = 2147483647;
			files = (
				D90680041FA4F94200969A42 /* FlickrPhotosViewController.swift in Sources */,
				D90680091FA4FB2500969A42 /* FlickrPhoto.swift in Sources */,
				D906800A1FA4FB2500969A42 /* Flickr.swift in Sources */,
				D90680081FA4FB2500969A42 /* FlickrSearchResults.swift in Sources */,
				D9067FF21FA4F73B00969A42 /* AppDelegate.swift in Sources */,
				D906800C1FA501A100969A42 /* FlickrPhotoCell.swift in Sources */,
			);
			runOnlyForDeploymentPostprocessing = 0;
		};
/* End PBXSourcesBuildPhase section */

/* Begin PBXVariantGroup section */
		D9067FF51FA4F73B00969A42 /* Main.storyboard */ = {
			isa = PBXVariantGroup;
			children = (
				D9067FF61FA4F73B00969A42 /* Base */,
			);
			name = Main.storyboard;
			sourceTree = "<group>";
		};
		D9067FFA1FA4F73B00969A42 /* LaunchScreen.storyboard */ = {
			isa = PBXVariantGroup;
			children = (
				D9067FFB1FA4F73B00969A42 /* Base */,
			);
			name = LaunchScreen.storyboard;
			sourceTree = "<group>";
		};
/* End PBXVariantGroup section */

/* Begin XCBuildConfiguration section */
		D9067FFE1FA4F73B00969A42 /* Debug */ = {
			isa = XCBuildConfiguration;
			buildSettings = {
				ALWAYS_SEARCH_USER_PATHS = NO;
				CLANG_ANALYZER_NONNULL = YES;
				CLANG_ANALYZER_NUMBER_OBJECT_CONVERSION = YES_AGGRESSIVE;
				CLANG_CXX_LANGUAGE_STANDARD = "gnu++14";
				CLANG_CXX_LIBRARY = "libc++";
				CLANG_ENABLE_MODULES = YES;
				CLANG_ENABLE_OBJC_ARC = YES;
				CLANG_WARN_BLOCK_CAPTURE_AUTORELEASING = YES;
				CLANG_WARN_BOOL_CONVERSION = YES;
				CLANG_WARN_COMMA = YES;
				CLANG_WARN_CONSTANT_CONVERSION = YES;
				CLANG_WARN_DIRECT_OBJC_ISA_USAGE = YES_ERROR;
				CLANG_WARN_DOCUMENTATION_COMMENTS = YES;
				CLANG_WARN_EMPTY_BODY = YES;
				CLANG_WARN_ENUM_CONVERSION = YES;
				CLANG_WARN_INFINITE_RECURSION = YES;
				CLANG_WARN_INT_CONVERSION = YES;
				CLANG_WARN_NON_LITERAL_NULL_CONVERSION = YES;
				CLANG_WARN_OBJC_LITERAL_CONVERSION = YES;
				CLANG_WARN_OBJC_ROOT_CLASS = YES_ERROR;
				CLANG_WARN_RANGE_LOOP_ANALYSIS = YES;
				CLANG_WARN_STRICT_PROTOTYPES = YES;
				CLANG_WARN_SUSPICIOUS_MOVE = YES;
				CLANG_WARN_UNGUARDED_AVAILABILITY = YES_AGGRESSIVE;
				CLANG_WARN_UNREACHABLE_CODE = YES;
				CLANG_WARN__DUPLICATE_METHOD_MATCH = YES;
				CODE_SIGN_IDENTITY = "iPhone Developer";
				COPY_PHASE_STRIP = NO;
				DEBUG_INFORMATION_FORMAT = dwarf;
				ENABLE_STRICT_OBJC_MSGSEND = YES;
				ENABLE_TESTABILITY = YES;
				GCC_C_LANGUAGE_STANDARD = gnu11;
				GCC_DYNAMIC_NO_PIC = NO;
				GCC_NO_COMMON_BLOCKS = YES;
				GCC_OPTIMIZATION_LEVEL = 0;
				GCC_PREPROCESSOR_DEFINITIONS = (
					"DEBUG=1",
					"$(inherited)",
				);
				GCC_WARN_64_TO_32_BIT_CONVERSION = YES;
				GCC_WARN_ABOUT_RETURN_TYPE = YES_ERROR;
				GCC_WARN_UNDECLARED_SELECTOR = YES;
				GCC_WARN_UNINITIALIZED_AUTOS = YES_AGGRESSIVE;
				GCC_WARN_UNUSED_FUNCTION = YES;
				GCC_WARN_UNUSED_VARIABLE = YES;
				IPHONEOS_DEPLOYMENT_TARGET = 11.0;
				MTL_ENABLE_DEBUG_INFO = YES;
				ONLY_ACTIVE_ARCH = YES;
				SDKROOT = iphoneos;
				SWIFT_ACTIVE_COMPILATION_CONDITIONS = DEBUG;
				SWIFT_OPTIMIZATION_LEVEL = "-Onone";
			};
			name = Debug;
		};
		D9067FFF1FA4F73B00969A42 /* Release */ = {
			isa = XCBuildConfiguration;
			buildSettings = {
				ALWAYS_SEARCH_USER_PATHS = NO;
				CLANG_ANALYZER_NONNULL = YES;
				CLANG_ANALYZER_NUMBER_OBJECT_CONVERSION = YES_AGGRESSIVE;
				CLANG_CXX_LANGUAGE_STANDARD = "gnu++14";
				CLANG_CXX_LIBRARY = "libc++";
				CLANG_ENABLE_MODULES = YES;
				CLANG_ENABLE_OBJC_ARC = YES;
				CLANG_WARN_BLOCK_CAPTURE_AUTORELEASING = YES;
				CLANG_WARN_BOOL_CONVERSION = YES;
				CLANG_WARN_COMMA = YES;
				CLANG_WARN_CONSTANT_CONVERSION = YES;
				CLANG_WARN_DIRECT_OBJC_ISA_USAGE = YES_ERROR;
				CLANG_WARN_DOCUMENTATION_COMMENTS = YES;
				CLANG_WARN_EMPTY_BODY = YES;
				CLANG_WARN_ENUM_CONVERSION = YES;
				CLANG_WARN_INFINITE_RECURSION = YES;
				CLANG_WARN_INT_CONVERSION = YES;
				CLANG_WARN_NON_LITERAL_NULL_CONVERSION = YES;
				CLANG_WARN_OBJC_LITERAL_CONVERSION = YES;
				CLANG_WARN_OBJC_ROOT_CLASS = YES_ERROR;
				CLANG_WARN_RANGE_LOOP_ANALYSIS = YES;
				CLANG_WARN_STRICT_PROTOTYPES = YES;
				CLANG_WARN_SUSPICIOUS_MOVE = YES;
				CLANG_WARN_UNGUARDED_AVAILABILITY = YES_AGGRESSIVE;
				CLANG_WARN_UNREACHABLE_CODE = YES;
				CLANG_WARN__DUPLICATE_METHOD_MATCH = YES;
				CODE_SIGN_IDENTITY = "iPhone Developer";
				COPY_PHASE_STRIP = NO;
				DEBUG_INFORMATION_FORMAT = "dwarf-with-dsym";
				ENABLE_NS_ASSERTIONS = NO;
				ENABLE_STRICT_OBJC_MSGSEND = YES;
				GCC_C_LANGUAGE_STANDARD = gnu11;
				GCC_NO_COMMON_BLOCKS = YES;
				GCC_WARN_64_TO_32_BIT_CONVERSION = YES;
				GCC_WARN_ABOUT_RETURN_TYPE = YES_ERROR;
				GCC_WARN_UNDECLARED_SELECTOR = YES;
				GCC_WARN_UNINITIALIZED_AUTOS = YES_AGGRESSIVE;
				GCC_WARN_UNUSED_FUNCTION = YES;
				GCC_WARN_UNUSED_VARIABLE = YES;
				IPHONEOS_DEPLOYMENT_TARGET = 11.0;
				MTL_ENABLE_DEBUG_INFO = NO;
				SDKROOT = iphoneos;
				SWIFT_OPTIMIZATION_LEVEL = "-Owholemodule";
				VALIDATE_PRODUCT = YES;
			};
			name = Release;
		};
		D90680011FA4F73B00969A42 /* Debug */ = {
			isa = XCBuildConfiguration;
			buildSettings = {
				ASSETCATALOG_COMPILER_APPICON_NAME = AppIcon;
				CODE_SIGN_STYLE = Automatic;
				INFOPLIST_FILE = FlikrSearch/Info.plist;
				LD_RUNPATH_SEARCH_PATHS = "$(inherited) @executable_path/Frameworks";
				PRODUCT_BUNDLE_IDENTIFIER = amckinley.FlikrSearch;
				PRODUCT_NAME = "$(TARGET_NAME)";
				SWIFT_VERSION = 4.0;
				TARGETED_DEVICE_FAMILY = "1,2";
			};
			name = Debug;
		};
		D90680021FA4F73B00969A42 /* Release */ = {
			isa = XCBuildConfiguration;
			buildSettings = {
				ASSETCATALOG_COMPILER_APPICON_NAME = AppIcon;
				CODE_SIGN_STYLE = Automatic;
				INFOPLIST_FILE = FlikrSearch/Info.plist;
				LD_RUNPATH_SEARCH_PATHS = "$(inherited) @executable_path/Frameworks";
				PRODUCT_BUNDLE_IDENTIFIER = amckinley.FlikrSearch;
				PRODUCT_NAME = "$(TARGET_NAME)";
				SWIFT_VERSION = 4.0;
				TARGETED_DEVICE_FAMILY = "1,2";
			};
			name = Release;
		};
/* End XCBuildConfiguration section */

/* Begin XCConfigurationList section */
		D9067FE91FA4F73B00969A42 /* Build configuration list for PBXProject "FlikrSearch" */ = {
			isa = XCConfigurationList;
			buildConfigurations = (
				D9067FFE1FA4F73B00969A42 /* Debug */,
				D9067FFF1FA4F73B00969A42 /* Release */,
			);
			defaultConfigurationIsVisible = 0;
			defaultConfigurationName = Release;
		};
		D90680001FA4F73B00969A42 /* Build configuration list for PBXNativeTarget "FlikrSearch" */ = {
			isa = XCConfigurationList;
			buildConfigurations = (
				D90680011FA4F73B00969A42 /* Debug */,
				D90680021FA4F73B00969A42 /* Release */,
			);
			defaultConfigurationIsVisible = 0;
			defaultConfigurationName = Release;
		};
/* End XCConfigurationList section */
	};
	rootObject = D9067FE61FA4F73B00969A42 /* Project object */;
}
