// !$*UTF8*$!
{
	archiveVersion = 1;
	classes = {
	};
	objectVersion = 48;
	objects = {

/* Begin PBXBuildFile section */
		D9067FC41FA4B95E00969A42 /* RecurringNotificationSettingsController.swift in Sources */ = {isa = PBXBuildFile; fileRef = D9067FC31FA4B95E00969A42 /* RecurringNotificationSettingsController.swift */; };
		D9306F731FA42111001CFBF3 /* AppDelegate.swift in Sources */ = {isa = PBXBuildFile; fileRef = D9306F721FA42111001CFBF3 /* AppDelegate.swift */; };
		D9306F751FA42111001CFBF3 /* ViewController.swift in Sources */ = {isa = PBXBuildFile; fileRef = D9306F741FA42111001CFBF3 /* ViewController.swift */; };
		D9306F781FA42111001CFBF3 /* Main.storyboard in Resources */ = {isa = PBXBuildFile; fileRef = D9306F761FA42111001CFBF3 /* Main.storyboard */; };
		D9306F7A1FA42111001CFBF3 /* Assets.xcassets in Resources */ = {isa = PBXBuildFile; fileRef = D9306F791FA42111001CFBF3 /* Assets.xcassets */; };
		D9306F7D1FA42111001CFBF3 /* LaunchScreen.storyboard in Resources */ = {isa = PBXBuildFile; fileRef = D9306F7B1FA42111001CFBF3 /* LaunchScreen.storyboard */; };
/* End PBXBuildFile section */

/* Begin PBXFileReference section */
		D9067FC31FA4B95E00969A42 /* RecurringNotificationSettingsController.swift */ = {isa = PBXFileReference; lastKnownFileType = sourcecode.swift; path = RecurringNotificationSettingsController.swift; sourceTree = "<group>"; };
		D9306F6F1FA42111001CFBF3 /* Bring an Umbrella.app */ = {isa = PBXFileReference; explicitFileType = wrapper.application; includeInIndex = 0; path = "Bring an Umbrella.app"; sourceTree = BUILT_PRODUCTS_DIR; };
		D9306F721FA42111001CFBF3 /* AppDelegate.swift */ = {isa = PBXFileReference; lastKnownFileType = sourcecode.swift; path = AppDelegate.swift; sourceTree = "<group>"; };
		D9306F741FA42111001CFBF3 /* ViewController.swift */ = {isa = PBXFileReference; lastKnownFileType = sourcecode.swift; path = ViewController.swift; sourceTree = "<group>"; };
		D9306F771FA42111001CFBF3 /* Base */ = {isa = PBXFileReference; lastKnownFileType = file.storyboard; name = Base; path = Base.lproj/Main.storyboard; sourceTree = "<group>"; };
		D9306F791FA42111001CFBF3 /* Assets.xcassets */ = {isa = PBXFileReference; lastKnownFileType = folder.assetcatalog; path = Assets.xcassets; sourceTree = "<group>"; };
		D9306F7C1FA42111001CFBF3 /* Base */ = {isa = PBXFileReference; lastKnownFileType = file.storyboard; name = Base; path = Base.lproj/LaunchScreen.storyboard; sourceTree = "<group>"; };
		D9306F7E1FA42111001CFBF3 /* Info.plist */ = {isa = PBXFileReference; lastKnownFileType = text.plist.xml; path = Info.plist; sourceTree = "<group>"; };
/* End PBXFileReference section */

/* Begin PBXFrameworksBuildPhase section */
		D9306F6C1FA42111001CFBF3 /* Frameworks */ = {
			isa = PBXFrameworksBuildPhase;
			buildActionMask = 2147483647;
			files = (
			);
			runOnlyForDeploymentPostprocessing = 0;
		};
/* End PBXFrameworksBuildPhase section */

/* Begin PBXGroup section */
		D9306F661FA42111001CFBF3 = {
			isa = PBXGroup;
			children = (
				D9306F711FA42111001CFBF3 /* Bring an Umbrella */,
				D9306F701FA42111001CFBF3 /* Products */,
			);
			sourceTree = "<group>";
		};
		D9306F701FA42111001CFBF3 /* Products */ = {
			isa = PBXGroup;
			children = (
				D9306F6F1FA42111001CFBF3 /* Bring an Umbrella.app */,
			);
			name = Products;
			sourceTree = "<group>";
		};
		D9306F711FA42111001CFBF3 /* Bring an Umbrella */ = {
			isa = PBXGroup;
			children = (
				D9306F721FA42111001CFBF3 /* AppDelegate.swift */,
				D9306F741FA42111001CFBF3 /* ViewController.swift */,
				D9306F761FA42111001CFBF3 /* Main.storyboard */,
				D9306F791FA42111001CFBF3 /* Assets.xcassets */,
				D9306F7B1FA42111001CFBF3 /* LaunchScreen.storyboard */,
				D9306F7E1FA42111001CFBF3 /* Info.plist */,
				D9067FC31FA4B95E00969A42 /* RecurringNotificationSettingsController.swift */,
			);
			path = "Bring an Umbrella";
			sourceTree = "<group>";
		};
/* End PBXGroup section */

/* Begin PBXNativeTarget section */
		D9306F6E1FA42111001CFBF3 /* Bring an Umbrella */ = {
			isa = PBXNativeTarget;
			buildConfigurationList = D9306F811FA42111001CFBF3 /* Build configuration list for PBXNativeTarget "Bring an Umbrella" */;
			buildPhases = (
				D9306F6B1FA42111001CFBF3 /* Sources */,
				D9306F6C1FA42111001CFBF3 /* Frameworks */,
				D9306F6D1FA42111001CFBF3 /* Resources */,
			);
			buildRules = (
			);
			dependencies = (
			);
			name = "Bring an Umbrella";
			productName = "Bring an Umbrella";
			productReference = D9306F6F1FA42111001CFBF3 /* Bring an Umbrella.app */;
			productType = "com.apple.product-type.application";
		};
/* End PBXNativeTarget section */

/* Begin PBXProject section */
		D9306F671FA42111001CFBF3 /* Project object */ = {
			isa = PBXProject;
			attributes = {
				LastSwiftUpdateCheck = 0900;
				LastUpgradeCheck = 0900;
				ORGANIZATIONNAME = "Austin McKinley";
				TargetAttributes = {
					D9306F6E1FA42111001CFBF3 = {
						CreatedOnToolsVersion = 9.0.1;
						ProvisioningStyle = Automatic;
					};
				};
			};
			buildConfigurationList = D9306F6A1FA42111001CFBF3 /* Build configuration list for PBXProject "Bring an Umbrella" */;
			compatibilityVersion = "Xcode 8.0";
			developmentRegion = en;
			hasScannedForEncodings = 0;
			knownRegions = (
				en,
				Base,
			);
			mainGroup = D9306F661FA42111001CFBF3;
			productRefGroup = D9306F701FA42111001CFBF3 /* Products */;
			projectDirPath = "";
			projectRoot = "";
			targets = (
				D9306F6E1FA42111001CFBF3 /* Bring an Umbrella */,
			);
		};
/* End PBXProject section */

/* Begin PBXResourcesBuildPhase section */
		D9306F6D1FA42111001CFBF3 /* Resources */ = {
			isa = PBXResourcesBuildPhase;
			buildActionMask = 2147483647;
			files = (
				D9306F7D1FA42111001CFBF3 /* LaunchScreen.storyboard in Resources */,
				D9306F7A1FA42111001CFBF3 /* Assets.xcassets in Resources */,
				D9306F781FA42111001CFBF3 /* Main.storyboard in Resources */,
			);
			runOnlyForDeploymentPostprocessing = 0;
		};
/* End PBXResourcesBuildPhase section */

/* Begin PBXSourcesBuildPhase section */
		D9306F6B1FA42111001CFBF3 /* Sources */ = {
			isa = PBXSourcesBuildPhase;
			buildActionMask = 2147483647;
			files = (
				D9306F751FA42111001CFBF3 /* ViewController.swift in Sources */,
				D9306F731FA42111001CFBF3 /* AppDelegate.swift in Sources */,
				D9067FC41FA4B95E00969A42 /* RecurringNotificationSettingsController.swift in Sources */,
			);
			runOnlyForDeploymentPostprocessing = 0;
		};
/* End PBXSourcesBuildPhase section */

/* Begin PBXVariantGroup section */
		D9306F761FA42111001CFBF3 /* Main.storyboard */ = {
			isa = PBXVariantGroup;
			children = (
				D9306F771FA42111001CFBF3 /* Base */,
			);
			name = Main.storyboard;
			sourceTree = "<group>";
		};
		D9306F7B1FA42111001CFBF3 /* LaunchScreen.storyboard */ = {
			isa = PBXVariantGroup;
			children = (
				D9306F7C1FA42111001CFBF3 /* Base */,
			);
			name = LaunchScreen.storyboard;
			sourceTree = "<group>";
		};
/* End PBXVariantGroup section */

/* Begin XCBuildConfiguration section */
		D9306F7F1FA42111001CFBF3 /* Debug */ = {
			isa = XCBuildConfiguration;
			buildSettings = {
				ALWAYS_SEARCH_USER_PATHS = NO;
				CLANG_ANALYZER_NONNULL = YES;
				CLANG_ANALYZER_NUMBER_OBJECT_CONVERSION = YES_AGGRESSIVE;
				CLANG_CXX_LANGUAGE_STANDARD = "gnu++14";
				CLANG_CXX_LIBRARY = "libc++";
				CLANG_ENABLE_MODULES = YES;
				CLANG_ENABLE_OBJC_ARC = YES;
				CLANG_WARN_BLOCK_CAPTURE_AUTORELEASING = YES;
				CLANG_WARN_BOOL_CONVERSION = YES;
				CLANG_WARN_COMMA = YES;
				CLANG_WARN_CONSTANT_CONVERSION = YES;
				CLANG_WARN_DIRECT_OBJC_ISA_USAGE = YES_ERROR;
				CLANG_WARN_DOCUMENTATION_COMMENTS = YES;
				CLANG_WARN_EMPTY_BODY = YES;
				CLANG_WARN_ENUM_CONVERSION = YES;
				CLANG_WARN_INFINITE_RECURSION = YES;
				CLANG_WARN_INT_CONVERSION = YES;
				CLANG_WARN_NON_LITERAL_NULL_CONVERSION = YES;
				CLANG_WARN_OBJC_LITERAL_CONVERSION = YES;
				CLANG_WARN_OBJC_ROOT_CLASS = YES_ERROR;
				CLANG_WARN_RANGE_LOOP_ANALYSIS = YES;
				CLANG_WARN_STRICT_PROTOTYPES = YES;
				CLANG_WARN_SUSPICIOUS_MOVE = YES;
				CLANG_WARN_UNGUARDED_AVAILABILITY = YES_AGGRESSIVE;
				CLANG_WARN_UNREACHABLE_CODE = YES;
				CLANG_WARN__DUPLICATE_METHOD_MATCH = YES;
				CODE_SIGN_IDENTITY = "iPhone Developer";
				COPY_PHASE_STRIP = NO;
				DEBUG_INFORMATION_FORMAT = dwarf;
				ENABLE_STRICT_OBJC_MSGSEND = YES;
				ENABLE_TESTABILITY = YES;
				GCC_C_LANGUAGE_STANDARD = gnu11;
				GCC_DYNAMIC_NO_PIC = NO;
				GCC_NO_COMMON_BLOCKS = YES;
				GCC_OPTIMIZATION_LEVEL = 0;
				GCC_PREPROCESSOR_DEFINITIONS = (
					"DEBUG=1",
					"$(inherited)",
				);
				GCC_WARN_64_TO_32_BIT_CONVERSION = YES;
				GCC_WARN_ABOUT_RETURN_TYPE = YES_ERROR;
				GCC_WARN_UNDECLARED_SELECTOR = YES;
				GCC_WARN_UNINITIALIZED_AUTOS = YES_AGGRESSIVE;
				GCC_WARN_UNUSED_FUNCTION = YES;
				GCC_WARN_UNUSED_VARIABLE = YES;
				IPHONEOS_DEPLOYMENT_TARGET = 11.0;
				MTL_ENABLE_DEBUG_INFO = YES;
				ONLY_ACTIVE_ARCH = YES;
				SDKROOT = iphoneos;
				SWIFT_ACTIVE_COMPILATION_CONDITIONS = DEBUG;
				SWIFT_OPTIMIZATION_LEVEL = "-Onone";
			};
			name = Debug;
		};
		D9306F801FA42111001CFBF3 /* Release */ = {
			isa = XCBuildConfiguration;
			buildSettings = {
				ALWAYS_SEARCH_USER_PATHS = NO;
				CLANG_ANALYZER_NONNULL = YES;
				CLANG_ANALYZER_NUMBER_OBJECT_CONVERSION = YES_AGGRESSIVE;
				CLANG_CXX_LANGUAGE_STANDARD = "gnu++14";
				CLANG_CXX_LIBRARY = "libc++";
				CLANG_ENABLE_MODULES = YES;
				CLANG_ENABLE_OBJC_ARC = YES;
				CLANG_WARN_BLOCK_CAPTURE_AUTORELEASING = YES;
				CLANG_WARN_BOOL_CONVERSION = YES;
				CLANG_WARN_COMMA = YES;
				CLANG_WARN_CONSTANT_CONVERSION = YES;
				CLANG_WARN_DIRECT_OBJC_ISA_USAGE = YES_ERROR;
				CLANG_WARN_DOCUMENTATION_COMMENTS = YES;
				CLANG_WARN_EMPTY_BODY = YES;
				CLANG_WARN_ENUM_CONVERSION = YES;
				CLANG_WARN_INFINITE_RECURSION = YES;
				CLANG_WARN_INT_CONVERSION = YES;
				CLANG_WARN_NON_LITERAL_NULL_CONVERSION = YES;
				CLANG_WARN_OBJC_LITERAL_CONVERSION = YES;
				CLANG_WARN_OBJC_ROOT_CLASS = YES_ERROR;
				CLANG_WARN_RANGE_LOOP_ANALYSIS = YES;
				CLANG_WARN_STRICT_PROTOTYPES = YES;
				CLANG_WARN_SUSPICIOUS_MOVE = YES;
				CLANG_WARN_UNGUARDED_AVAILABILITY = YES_AGGRESSIVE;
				CLANG_WARN_UNREACHABLE_CODE = YES;
				CLANG_WARN__DUPLICATE_METHOD_MATCH = YES;
				CODE_SIGN_IDENTITY = "iPhone Developer";
				COPY_PHASE_STRIP = NO;
				DEBUG_INFORMATION_FORMAT = "dwarf-with-dsym";
				ENABLE_NS_ASSERTIONS = NO;
				ENABLE_STRICT_OBJC_MSGSEND = YES;
				GCC_C_LANGUAGE_STANDARD = gnu11;
				GCC_NO_COMMON_BLOCKS = YES;
				GCC_WARN_64_TO_32_BIT_CONVERSION = YES;
				GCC_WARN_ABOUT_RETURN_TYPE = YES_ERROR;
				GCC_WARN_UNDECLARED_SELECTOR = YES;
				GCC_WARN_UNINITIALIZED_AUTOS = YES_AGGRESSIVE;
				GCC_WARN_UNUSED_FUNCTION = YES;
				GCC_WARN_UNUSED_VARIABLE = YES;
				IPHONEOS_DEPLOYMENT_TARGET = 11.0;
				MTL_ENABLE_DEBUG_INFO = NO;
				SDKROOT = iphoneos;
				SWIFT_OPTIMIZATION_LEVEL = "-Owholemodule";
				VALIDATE_PRODUCT = YES;
			};
			name = Release;
		};
		D9306F821FA42111001CFBF3 /* Debug */ = {
			isa = XCBuildConfiguration;
			buildSettings = {
				ASSETCATALOG_COMPILER_APPICON_NAME = AppIcon;
				CODE_SIGN_STYLE = Automatic;
				INFOPLIST_FILE = "Bring an Umbrella/Info.plist";
				LD_RUNPATH_SEARCH_PATHS = "$(inherited) @executable_path/Frameworks";
				PRODUCT_BUNDLE_IDENTIFIER = "amckinley.Bring-an-Umbrella";
				PRODUCT_NAME = "$(TARGET_NAME)";
				SWIFT_VERSION = 4.0;
				TARGETED_DEVICE_FAMILY = "1,2";
			};
			name = Debug;
		};
		D9306F831FA42111001CFBF3 /* Release */ = {
			isa = XCBuildConfiguration;
			buildSettings = {
				ASSETCATALOG_COMPILER_APPICON_NAME = AppIcon;
				CODE_SIGN_STYLE = Automatic;
				INFOPLIST_FILE = "Bring an Umbrella/Info.plist";
				LD_RUNPATH_SEARCH_PATHS = "$(inherited) @executable_path/Frameworks";
				PRODUCT_BUNDLE_IDENTIFIER = "amckinley.Bring-an-Umbrella";
				PRODUCT_NAME = "$(TARGET_NAME)";
				SWIFT_VERSION = 4.0;
				TARGETED_DEVICE_FAMILY = "1,2";
			};
			name = Release;
		};
/* End XCBuildConfiguration section */

/* Begin XCConfigurationList section */
		D9306F6A1FA42111001CFBF3 /* Build configuration list for PBXProject "Bring an Umbrella" */ = {
			isa = XCConfigurationList;
			buildConfigurations = (
				D9306F7F1FA42111001CFBF3 /* Debug */,
				D9306F801FA42111001CFBF3 /* Release */,
			);
			defaultConfigurationIsVisible = 0;
			defaultConfigurationName = Release;
		};
		D9306F811FA42111001CFBF3 /* Build configuration list for PBXNativeTarget "Bring an Umbrella" */ = {
			isa = XCConfigurationList;
			buildConfigurations = (
				D9306F821FA42111001CFBF3 /* Debug */,
				D9306F831FA42111001CFBF3 /* Release */,
			);
			defaultConfigurationIsVisible = 0;
			defaultConfigurationName = Release;
		};
/* End XCConfigurationList section */
	};
	rootObject = D9306F671FA42111001CFBF3 /* Project object */;
}
