// !$*UTF8*$!
{
	archiveVersion = 1;
	classes = {
	};
	objectVersion = 46;
	objects = {

/* Begin PBXBuildFile section */
		D9A1E5961CB5743400AE95B4 /* AppDelegate.swift in Sources */ = {isa = PBXBuildFile; fileRef = D9A1E5951CB5743400AE95B4 /* AppDelegate.swift */; };
		D9A1E5981CB5743400AE95B4 /* ViewController.swift in Sources */ = {isa = PBXBuildFile; fileRef = D9A1E5971CB5743400AE95B4 /* ViewController.swift */; };
		D9A1E59B1CB5743400AE95B4 /* Main.storyboard in Resources */ = {isa = PBXBuildFile; fileRef = D9A1E5991CB5743400AE95B4 /* Main.storyboard */; };
		D9A1E59D1CB5743400AE95B4 /* Assets.xcassets in Resources */ = {isa = PBXBuildFile; fileRef = D9A1E59C1CB5743400AE95B4 /* Assets.xcassets */; };
		D9A1E5A01CB5743400AE95B4 /* LaunchScreen.storyboard in Resources */ = {isa = PBXBuildFile; fileRef = D9A1E59E1CB5743400AE95B4 /* LaunchScreen.storyboard */; };
		D9A1E5AB1CB5743400AE95B4 /* SuperCoolTests.swift in Sources */ = {isa = PBXBuildFile; fileRef = D9A1E5AA1CB5743400AE95B4 /* SuperCoolTests.swift */; };
		D9A1E5B61CB5743400AE95B4 /* SuperCoolUITests.swift in Sources */ = {isa = PBXBuildFile; fileRef = D9A1E5B51CB5743400AE95B4 /* SuperCoolUITests.swift */; };
/* End PBXBuildFile section */

/* Begin PBXContainerItemProxy section */
		D9A1E5A71CB5743400AE95B4 /* PBXContainerItemProxy */ = {
			isa = PBXContainerItemProxy;
			containerPortal = D9A1E58A1CB5743400AE95B4 /* Project object */;
			proxyType = 1;
			remoteGlobalIDString = D9A1E5911CB5743400AE95B4;
			remoteInfo = SuperCool;
		};
		D9A1E5B21CB5743400AE95B4 /* PBXContainerItemProxy */ = {
			isa = PBXContainerItemProxy;
			containerPortal = D9A1E58A1CB5743400AE95B4 /* Project object */;
			proxyType = 1;
			remoteGlobalIDString = D9A1E5911CB5743400AE95B4;
			remoteInfo = SuperCool;
		};
/* End PBXContainerItemProxy section */

/* Begin PBXFileReference section */
		D9A1E5921CB5743400AE95B4 /* SuperCool.app */ = {isa = PBXFileReference; explicitFileType = wrapper.application; includeInIndex = 0; path = SuperCool.app; sourceTree = BUILT_PRODUCTS_DIR; };
		D9A1E5951CB5743400AE95B4 /* AppDelegate.swift */ = {isa = PBXFileReference; lastKnownFileType = sourcecode.swift; path = AppDelegate.swift; sourceTree = "<group>"; };
		D9A1E5971CB5743400AE95B4 /* ViewController.swift */ = {isa = PBXFileReference; lastKnownFileType = sourcecode.swift; path = ViewController.swift; sourceTree = "<group>"; };
		D9A1E59A1CB5743400AE95B4 /* Base */ = {isa = PBXFileReference; lastKnownFileType = file.storyboard; name = Base; path = Base.lproj/Main.storyboard; sourceTree = "<group>"; };
		D9A1E59C1CB5743400AE95B4 /* Assets.xcassets */ = {isa = PBXFileReference; lastKnownFileType = folder.assetcatalog; path = Assets.xcassets; sourceTree = "<group>"; };
		D9A1E59F1CB5743400AE95B4 /* Base */ = {isa = PBXFileReference; lastKnownFileType = file.storyboard; name = Base; path = Base.lproj/LaunchScreen.storyboard; sourceTree = "<group>"; };
		D9A1E5A11CB5743400AE95B4 /* Info.plist */ = {isa = PBXFileReference; lastKnownFileType = text.plist.xml; path = Info.plist; sourceTree = "<group>"; };
		D9A1E5A61CB5743400AE95B4 /* SuperCoolTests.xctest */ = {isa = PBXFileReference; explicitFileType = wrapper.cfbundle; includeInIndex = 0; path = SuperCoolTests.xctest; sourceTree = BUILT_PRODUCTS_DIR; };
		D9A1E5AA1CB5743400AE95B4 /* SuperCoolTests.swift */ = {isa = PBXFileReference; lastKnownFileType = sourcecode.swift; path = SuperCoolTests.swift; sourceTree = "<group>"; };
		D9A1E5AC1CB5743400AE95B4 /* Info.plist */ = {isa = PBXFileReference; lastKnownFileType = text.plist.xml; path = Info.plist; sourceTree = "<group>"; };
		D9A1E5B11CB5743400AE95B4 /* SuperCoolUITests.xctest */ = {isa = PBXFileReference; explicitFileType = wrapper.cfbundle; includeInIndex = 0; path = SuperCoolUITests.xctest; sourceTree = BUILT_PRODUCTS_DIR; };
		D9A1E5B51CB5743400AE95B4 /* SuperCoolUITests.swift */ = {isa = PBXFileReference; lastKnownFileType = sourcecode.swift; path = SuperCoolUITests.swift; sourceTree = "<group>"; };
		D9A1E5B71CB5743400AE95B4 /* Info.plist */ = {isa = PBXFileReference; lastKnownFileType = text.plist.xml; path = Info.plist; sourceTree = "<group>"; };
/* End PBXFileReference section */

/* Begin PBXFrameworksBuildPhase section */
		D9A1E58F1CB5743400AE95B4 /* Frameworks */ = {
			isa = PBXFrameworksBuildPhase;
			buildActionMask = 2147483647;
			files = (
			);
			runOnlyForDeploymentPostprocessing = 0;
		};
		D9A1E5A31CB5743400AE95B4 /* Frameworks */ = {
			isa = PBXFrameworksBuildPhase;
			buildActionMask = 2147483647;
			files = (
			);
			runOnlyForDeploymentPostprocessing = 0;
		};
		D9A1E5AE1CB5743400AE95B4 /* Frameworks */ = {
			isa = PBXFrameworksBuildPhase;
			buildActionMask = 2147483647;
			files = (
			);
			runOnlyForDeploymentPostprocessing = 0;
		};
/* End PBXFrameworksBuildPhase section */

/* Begin PBXGroup section */
		D9A1E5891CB5743400AE95B4 = {
			isa = PBXGroup;
			children = (
				D9A1E5941CB5743400AE95B4 /* SuperCool */,
				D9A1E5A91CB5743400AE95B4 /* SuperCoolTests */,
				D9A1E5B41CB5743400AE95B4 /* SuperCoolUITests */,
				D9A1E5931CB5743400AE95B4 /* Products */,
			);
			sourceTree = "<group>";
		};
		D9A1E5931CB5743400AE95B4 /* Products */ = {
			isa = PBXGroup;
			children = (
				D9A1E5921CB5743400AE95B4 /* SuperCool.app */,
				D9A1E5A61CB5743400AE95B4 /* SuperCoolTests.xctest */,
				D9A1E5B11CB5743400AE95B4 /* SuperCoolUITests.xctest */,
			);
			name = Products;
			sourceTree = "<group>";
		};
		D9A1E5941CB5743400AE95B4 /* SuperCool */ = {
			isa = PBXGroup;
			children = (
				D9A1E5951CB5743400AE95B4 /* AppDelegate.swift */,
				D9A1E5971CB5743400AE95B4 /* ViewController.swift */,
				D9A1E5991CB5743400AE95B4 /* Main.storyboard */,
				D9A1E59C1CB5743400AE95B4 /* Assets.xcassets */,
				D9A1E59E1CB5743400AE95B4 /* LaunchScreen.storyboard */,
				D9A1E5A11CB5743400AE95B4 /* Info.plist */,
			);
			path = SuperCool;
			sourceTree = "<group>";
		};
		D9A1E5A91CB5743400AE95B4 /* SuperCoolTests */ = {
			isa = PBXGroup;
			children = (
				D9A1E5AA1CB5743400AE95B4 /* SuperCoolTests.swift */,
				D9A1E5AC1CB5743400AE95B4 /* Info.plist */,
			);
			path = SuperCoolTests;
			sourceTree = "<group>";
		};
		D9A1E5B41CB5743400AE95B4 /* SuperCoolUITests */ = {
			isa = PBXGroup;
			children = (
				D9A1E5B51CB5743400AE95B4 /* SuperCoolUITests.swift */,
				D9A1E5B71CB5743400AE95B4 /* Info.plist */,
			);
			path = SuperCoolUITests;
			sourceTree = "<group>";
		};
/* End PBXGroup section */

/* Begin PBXNativeTarget section */
		D9A1E5911CB5743400AE95B4 /* SuperCool */ = {
			isa = PBXNativeTarget;
			buildConfigurationList = D9A1E5BA1CB5743400AE95B4 /* Build configuration list for PBXNativeTarget "SuperCool" */;
			buildPhases = (
				D9A1E58E1CB5743400AE95B4 /* Sources */,
				D9A1E58F1CB5743400AE95B4 /* Frameworks */,
				D9A1E5901CB5743400AE95B4 /* Resources */,
			);
			buildRules = (
			);
			dependencies = (
			);
			name = SuperCool;
			productName = SuperCool;
			productReference = D9A1E5921CB5743400AE95B4 /* SuperCool.app */;
			productType = "com.apple.product-type.application";
		};
		D9A1E5A51CB5743400AE95B4 /* SuperCoolTests */ = {
			isa = PBXNativeTarget;
			buildConfigurationList = D9A1E5BD1CB5743400AE95B4 /* Build configuration list for PBXNativeTarget "SuperCoolTests" */;
			buildPhases = (
				D9A1E5A21CB5743400AE95B4 /* Sources */,
				D9A1E5A31CB5743400AE95B4 /* Frameworks */,
				D9A1E5A41CB5743400AE95B4 /* Resources */,
			);
			buildRules = (
			);
			dependencies = (
				D9A1E5A81CB5743400AE95B4 /* PBXTargetDependency */,
			);
			name = SuperCoolTests;
			productName = SuperCoolTests;
			productReference = D9A1E5A61CB5743400AE95B4 /* SuperCoolTests.xctest */;
			productType = "com.apple.product-type.bundle.unit-test";
		};
		D9A1E5B01CB5743400AE95B4 /* SuperCoolUITests */ = {
			isa = PBXNativeTarget;
			buildConfigurationList = D9A1E5C01CB5743400AE95B4 /* Build configuration list for PBXNativeTarget "SuperCoolUITests" */;
			buildPhases = (
				D9A1E5AD1CB5743400AE95B4 /* Sources */,
				D9A1E5AE1CB5743400AE95B4 /* Frameworks */,
				D9A1E5AF1CB5743400AE95B4 /* Resources */,
			);
			buildRules = (
			);
			dependencies = (
				D9A1E5B31CB5743400AE95B4 /* PBXTargetDependency */,
			);
			name = SuperCoolUITests;
			productName = SuperCoolUITests;
			productReference = D9A1E5B11CB5743400AE95B4 /* SuperCoolUITests.xctest */;
			productType = "com.apple.product-type.bundle.ui-testing";
		};
/* End PBXNativeTarget section */

/* Begin PBXProject section */
		D9A1E58A1CB5743400AE95B4 /* Project object */ = {
			isa = PBXProject;
			attributes = {
				LastSwiftUpdateCheck = 0730;
				LastUpgradeCheck = 0730;
				ORGANIZATIONNAME = "Austin McKinley";
				TargetAttributes = {
					D9A1E5911CB5743400AE95B4 = {
						CreatedOnToolsVersion = 7.3;
					};
					D9A1E5A51CB5743400AE95B4 = {
						CreatedOnToolsVersion = 7.3;
						TestTargetID = D9A1E5911CB5743400AE95B4;
					};
					D9A1E5B01CB5743400AE95B4 = {
						CreatedOnToolsVersion = 7.3;
						TestTargetID = D9A1E5911CB5743400AE95B4;
					};
				};
			};
			buildConfigurationList = D9A1E58D1CB5743400AE95B4 /* Build configuration list for PBXProject "SuperCool" */;
			compatibilityVersion = "Xcode 3.2";
			developmentRegion = English;
			hasScannedForEncodings = 0;
			knownRegions = (
				en,
				Base,
			);
			mainGroup = D9A1E5891CB5743400AE95B4;
			productRefGroup = D9A1E5931CB5743400AE95B4 /* Products */;
			projectDirPath = "";
			projectRoot = "";
			targets = (
				D9A1E5911CB5743400AE95B4 /* SuperCool */,
				D9A1E5A51CB5743400AE95B4 /* SuperCoolTests */,
				D9A1E5B01CB5743400AE95B4 /* SuperCoolUITests */,
			);
		};
/* End PBXProject section */

/* Begin PBXResourcesBuildPhase section */
		D9A1E5901CB5743400AE95B4 /* Resources */ = {
			isa = PBXResourcesBuildPhase;
			buildActionMask = 2147483647;
			files = (
				D9A1E5A01CB5743400AE95B4 /* LaunchScreen.storyboard in Resources */,
				D9A1E59D1CB5743400AE95B4 /* Assets.xcassets in Resources */,
				D9A1E59B1CB5743400AE95B4 /* Main.storyboard in Resources */,
			);
			runOnlyForDeploymentPostprocessing = 0;
		};
		D9A1E5A41CB5743400AE95B4 /* Resources */ = {
			isa = PBXResourcesBuildPhase;
			buildActionMask = 2147483647;
			files = (
			);
			runOnlyForDeploymentPostprocessing = 0;
		};
		D9A1E5AF1CB5743400AE95B4 /* Resources */ = {
			isa = PBXResourcesBuildPhase;
			buildActionMask = 2147483647;
			files = (
			);
			runOnlyForDeploymentPostprocessing = 0;
		};
/* End PBXResourcesBuildPhase section */

/* Begin PBXSourcesBuildPhase section */
		D9A1E58E1CB5743400AE95B4 /* Sources */ = {
			isa = PBXSourcesBuildPhase;
			buildActionMask = 2147483647;
			files = (
				D9A1E5981CB5743400AE95B4 /* ViewController.swift in Sources */,
				D9A1E5961CB5743400AE95B4 /* AppDelegate.swift in Sources */,
			);
			runOnlyForDeploymentPostprocessing = 0;
		};
		D9A1E5A21CB5743400AE95B4 /* Sources */ = {
			isa = PBXSourcesBuildPhase;
			buildActionMask = 2147483647;
			files = (
				D9A1E5AB1CB5743400AE95B4 /* SuperCoolTests.swift in Sources */,
			);
			runOnlyForDeploymentPostprocessing = 0;
		};
		D9A1E5AD1CB5743400AE95B4 /* Sources */ = {
			isa = PBXSourcesBuildPhase;
			buildActionMask = 2147483647;
			files = (
				D9A1E5B61CB5743400AE95B4 /* SuperCoolUITests.swift in Sources */,
			);
			runOnlyForDeploymentPostprocessing = 0;
		};
/* End PBXSourcesBuildPhase section */

/* Begin PBXTargetDependency section */
		D9A1E5A81CB5743400AE95B4 /* PBXTargetDependency */ = {
			isa = PBXTargetDependency;
			target = D9A1E5911CB5743400AE95B4 /* SuperCool */;
			targetProxy = D9A1E5A71CB5743400AE95B4 /* PBXContainerItemProxy */;
		};
		D9A1E5B31CB5743400AE95B4 /* PBXTargetDependency */ = {
			isa = PBXTargetDependency;
			target = D9A1E5911CB5743400AE95B4 /* SuperCool */;
			targetProxy = D9A1E5B21CB5743400AE95B4 /* PBXContainerItemProxy */;
		};
/* End PBXTargetDependency section */

/* Begin PBXVariantGroup section */
		D9A1E5991CB5743400AE95B4 /* Main.storyboard */ = {
			isa = PBXVariantGroup;
			children = (
				D9A1E59A1CB5743400AE95B4 /* Base */,
			);
			name = Main.storyboard;
			sourceTree = "<group>";
		};
		D9A1E59E1CB5743400AE95B4 /* LaunchScreen.storyboard */ = {
			isa = PBXVariantGroup;
			children = (
				D9A1E59F1CB5743400AE95B4 /* Base */,
			);
			name = LaunchScreen.storyboard;
			sourceTree = "<group>";
		};
/* End PBXVariantGroup section */

/* Begin XCBuildConfiguration section */
		D9A1E5B81CB5743400AE95B4 /* Debug */ = {
			isa = XCBuildConfiguration;
			buildSettings = {
				ALWAYS_SEARCH_USER_PATHS = NO;
				CLANG_ANALYZER_NONNULL = YES;
				CLANG_CXX_LANGUAGE_STANDARD = "gnu++0x";
				CLANG_CXX_LIBRARY = "libc++";
				CLANG_ENABLE_MODULES = YES;
				CLANG_ENABLE_OBJC_ARC = YES;
				CLANG_WARN_BOOL_CONVERSION = YES;
				CLANG_WARN_CONSTANT_CONVERSION = YES;
				CLANG_WARN_DIRECT_OBJC_ISA_USAGE = YES_ERROR;
				CLANG_WARN_EMPTY_BODY = YES;
				CLANG_WARN_ENUM_CONVERSION = YES;
				CLANG_WARN_INT_CONVERSION = YES;
				CLANG_WARN_OBJC_ROOT_CLASS = YES_ERROR;
				CLANG_WARN_UNREACHABLE_CODE = YES;
				CLANG_WARN__DUPLICATE_METHOD_MATCH = YES;
				"CODE_SIGN_IDENTITY[sdk=iphoneos*]" = "iPhone Developer";
				COPY_PHASE_STRIP = NO;
				DEBUG_INFORMATION_FORMAT = dwarf;
				ENABLE_STRICT_OBJC_MSGSEND = YES;
				ENABLE_TESTABILITY = YES;
				GCC_C_LANGUAGE_STANDARD = gnu99;
				GCC_DYNAMIC_NO_PIC = NO;
				GCC_NO_COMMON_BLOCKS = YES;
				GCC_OPTIMIZATION_LEVEL = 0;
				GCC_PREPROCESSOR_DEFINITIONS = (
					"DEBUG=1",
					"$(inherited)",
				);
				GCC_WARN_64_TO_32_BIT_CONVERSION = YES;
				GCC_WARN_ABOUT_RETURN_TYPE = YES_ERROR;
				GCC_WARN_UNDECLARED_SELECTOR = YES;
				GCC_WARN_UNINITIALIZED_AUTOS = YES_AGGRESSIVE;
				GCC_WARN_UNUSED_FUNCTION = YES;
				GCC_WARN_UNUSED_VARIABLE = YES;
				IPHONEOS_DEPLOYMENT_TARGET = 9.3;
				MTL_ENABLE_DEBUG_INFO = YES;
				ONLY_ACTIVE_ARCH = YES;
				SDKROOT = iphoneos;
				SWIFT_OPTIMIZATION_LEVEL = "-Onone";
			};
			name = Debug;
		};
		D9A1E5B91CB5743400AE95B4 /* Release */ = {
			isa = XCBuildConfiguration;
			buildSettings = {
				ALWAYS_SEARCH_USER_PATHS = NO;
				CLANG_ANALYZER_NONNULL = YES;
				CLANG_CXX_LANGUAGE_STANDARD = "gnu++0x";
				CLANG_CXX_LIBRARY = "libc++";
				CLANG_ENABLE_MODULES = YES;
				CLANG_ENABLE_OBJC_ARC = YES;
				CLANG_WARN_BOOL_CONVERSION = YES;
				CLANG_WARN_CONSTANT_CONVERSION = YES;
				CLANG_WARN_DIRECT_OBJC_ISA_USAGE = YES_ERROR;
				CLANG_WARN_EMPTY_BODY = YES;
				CLANG_WARN_ENUM_CONVERSION = YES;
				CLANG_WARN_INT_CONVERSION = YES;
				CLANG_WARN_OBJC_ROOT_CLASS = YES_ERROR;
				CLANG_WARN_UNREACHABLE_CODE = YES;
				CLANG_WARN__DUPLICATE_METHOD_MATCH = YES;
				"CODE_SIGN_IDENTITY[sdk=iphoneos*]" = "iPhone Developer";
				COPY_PHASE_STRIP = NO;
				DEBUG_INFORMATION_FORMAT = "dwarf-with-dsym";
				ENABLE_NS_ASSERTIONS = NO;
				ENABLE_STRICT_OBJC_MSGSEND = YES;
				GCC_C_LANGUAGE_STANDARD = gnu99;
				GCC_NO_COMMON_BLOCKS = YES;
				GCC_WARN_64_TO_32_BIT_CONVERSION = YES;
				GCC_WARN_ABOUT_RETURN_TYPE = YES_ERROR;
				GCC_WARN_UNDECLARED_SELECTOR = YES;
				GCC_WARN_UNINITIALIZED_AUTOS = YES_AGGRESSIVE;
				GCC_WARN_UNUSED_FUNCTION = YES;
				GCC_WARN_UNUSED_VARIABLE = YES;
				IPHONEOS_DEPLOYMENT_TARGET = 9.3;
				MTL_ENABLE_DEBUG_INFO = NO;
				SDKROOT = iphoneos;
				VALIDATE_PRODUCT = YES;
			};
			name = Release;
		};
		D9A1E5BB1CB5743400AE95B4 /* Debug */ = {
			isa = XCBuildConfiguration;
			buildSettings = {
				ASSETCATALOG_COMPILER_APPICON_NAME = AppIcon;
				INFOPLIST_FILE = SuperCool/Info.plist;
				LD_RUNPATH_SEARCH_PATHS = "$(inherited) @executable_path/Frameworks";
				PRODUCT_BUNDLE_IDENTIFIER = austinmckinley.SuperCool;
				PRODUCT_NAME = "$(TARGET_NAME)";
			};
			name = Debug;
		};
		D9A1E5BC1CB5743400AE95B4 /* Release */ = {
			isa = XCBuildConfiguration;
			buildSettings = {
				ASSETCATALOG_COMPILER_APPICON_NAME = AppIcon;
				INFOPLIST_FILE = SuperCool/Info.plist;
				LD_RUNPATH_SEARCH_PATHS = "$(inherited) @executable_path/Frameworks";
				PRODUCT_BUNDLE_IDENTIFIER = austinmckinley.SuperCool;
				PRODUCT_NAME = "$(TARGET_NAME)";
			};
			name = Release;
		};
		D9A1E5BE1CB5743400AE95B4 /* Debug */ = {
			isa = XCBuildConfiguration;
			buildSettings = {
				BUNDLE_LOADER = "$(TEST_HOST)";
				INFOPLIST_FILE = SuperCoolTests/Info.plist;
				LD_RUNPATH_SEARCH_PATHS = "$(inherited) @executable_path/Frameworks @loader_path/Frameworks";
				PRODUCT_BUNDLE_IDENTIFIER = austinmckinley.SuperCoolTests;
				PRODUCT_NAME = "$(TARGET_NAME)";
				TEST_HOST = "$(BUILT_PRODUCTS_DIR)/SuperCool.app/SuperCool";
			};
			name = Debug;
		};
		D9A1E5BF1CB5743400AE95B4 /* Release */ = {
			isa = XCBuildConfiguration;
			buildSettings = {
				BUNDLE_LOADER = "$(TEST_HOST)";
				INFOPLIST_FILE = SuperCoolTests/Info.plist;
				LD_RUNPATH_SEARCH_PATHS = "$(inherited) @executable_path/Frameworks @loader_path/Frameworks";
				PRODUCT_BUNDLE_IDENTIFIER = austinmckinley.SuperCoolTests;
				PRODUCT_NAME = "$(TARGET_NAME)";
				TEST_HOST = "$(BUILT_PRODUCTS_DIR)/SuperCool.app/SuperCool";
			};
			name = Release;
		};
		D9A1E5C11CB5743400AE95B4 /* Debug */ = {
			isa = XCBuildConfiguration;
			buildSettings = {
				INFOPLIST_FILE = SuperCoolUITests/Info.plist;
				LD_RUNPATH_SEARCH_PATHS = "$(inherited) @executable_path/Frameworks @loader_path/Frameworks";
				PRODUCT_BUNDLE_IDENTIFIER = austinmckinley.SuperCoolUITests;
				PRODUCT_NAME = "$(TARGET_NAME)";
				TEST_TARGET_NAME = SuperCool;
			};
			name = Debug;
		};
		D9A1E5C21CB5743400AE95B4 /* Release */ = {
			isa = XCBuildConfiguration;
			buildSettings = {
				INFOPLIST_FILE = SuperCoolUITests/Info.plist;
				LD_RUNPATH_SEARCH_PATHS = "$(inherited) @executable_path/Frameworks @loader_path/Frameworks";
				PRODUCT_BUNDLE_IDENTIFIER = austinmckinley.SuperCoolUITests;
				PRODUCT_NAME = "$(TARGET_NAME)";
				TEST_TARGET_NAME = SuperCool;
			};
			name = Release;
		};
/* End XCBuildConfiguration section */

/* Begin XCConfigurationList section */
		D9A1E58D1CB5743400AE95B4 /* Build configuration list for PBXProject "SuperCool" */ = {
			isa = XCConfigurationList;
			buildConfigurations = (
				D9A1E5B81CB5743400AE95B4 /* Debug */,
				D9A1E5B91CB5743400AE95B4 /* Release */,
			);
			defaultConfigurationIsVisible = 0;
			defaultConfigurationName = Release;
		};
		D9A1E5BA1CB5743400AE95B4 /* Build configuration list for PBXNativeTarget "SuperCool" */ = {
			isa = XCConfigurationList;
			buildConfigurations = (
				D9A1E5BB1CB5743400AE95B4 /* Debug */,
				D9A1E5BC1CB5743400AE95B4 /* Release */,
			);
			defaultConfigurationIsVisible = 0;
		};
		D9A1E5BD1CB5743400AE95B4 /* Build configuration list for PBXNativeTarget "SuperCoolTests" */ = {
			isa = XCConfigurationList;
			buildConfigurations = (
				D9A1E5BE1CB5743400AE95B4 /* Debug */,
				D9A1E5BF1CB5743400AE95B4 /* Release */,
			);
			defaultConfigurationIsVisible = 0;
		};
		D9A1E5C01CB5743400AE95B4 /* Build configuration list for PBXNativeTarget "SuperCoolUITests" */ = {
			isa = XCConfigurationList;
			buildConfigurations = (
				D9A1E5C11CB5743400AE95B4 /* Debug */,
				D9A1E5C21CB5743400AE95B4 /* Release */,
			);
			defaultConfigurationIsVisible = 0;
		};
/* End XCConfigurationList section */
	};
	rootObject = D9A1E58A1CB5743400AE95B4 /* Project object */;
}
